
Microsoft Visual Studio Solution File, Format Version 12.00
# Visual Studio 15
VisualStudioVersion = 15.0.26124.0
MinimumVisualStudioVersion = 15.0.26124.0
Project("{2150E333-8FDC-42A3-9474-1A3956D46DE8}") = "src", "src", "{F5D842AD-C522-4FB3-811B-C8466E571A64}"
EndProject
Project("{FAE04EC0-301F-11D3-BF4B-00C04F79EFBC}") = "PalTracker", "src\PalTracker\PalTracker.csproj", "{4C65BF1C-B1AD-4EFA-8AB1-9126A3FCEB24}"
EndProject
Project("{2150E333-8FDC-42A3-9474-1A3956D46DE8}") = "test", "test", "{4B4E669F-9B38-415E-B012-0B057145E930}"
EndProject
Project("{FAE04EC0-301F-11D3-BF4B-00C04F79EFBC}") = "PalTrackerTests", "test\PalTrackerTests\PalTrackerTests.csproj", "{02E8F40F-43F4-4F09-BEFF-A15D7262FF9B}"
EndProject
Global
	GlobalSection(SolutionConfigurationPlatforms) = preSolution
		Debug|Any CPU = Debug|Any CPU
		Debug|x64 = Debug|x64
		Debug|x86 = Debug|x86
		Release|Any CPU = Release|Any CPU
		Release|x64 = Release|x64
		Release|x86 = Release|x86
	EndGlobalSection
	GlobalSection(SolutionProperties) = preSolution
		HideSolutionNode = FALSE
	EndGlobalSection
	GlobalSection(ProjectConfigurationPlatforms) = postSolution
		{4C65BF1C-B1AD-4EFA-8AB1-9126A3FCEB24}.Debug|Any CPU.ActiveCfg = Debug|Any CPU
		{4C65BF1C-B1AD-4EFA-8AB1-9126A3FCEB24}.Debug|Any CPU.Build.0 = Debug|Any CPU
		{4C65BF1C-B1AD-4EFA-8AB1-9126A3FCEB24}.Debug|x64.ActiveCfg = Debug|Any CPU
		{4C65BF1C-B1AD-4EFA-8AB1-9126A3FCEB24}.Debug|x64.Build.0 = Debug|Any CPU
		{4C65BF1C-B1AD-4EFA-8AB1-9126A3FCEB24}.Debug|x86.ActiveCfg = Debug|Any CPU
		{4C65BF1C-B1AD-4EFA-8AB1-9126A3FCEB24}.Debug|x86.Build.0 = Debug|Any CPU
		{4C65BF1C-B1AD-4EFA-8AB1-9126A3FCEB24}.Release|Any CPU.ActiveCfg = Release|Any CPU
		{4C65BF1C-B1AD-4EFA-8AB1-9126A3FCEB24}.Release|Any CPU.Build.0 = Release|Any CPU
		{4C65BF1C-B1AD-4EFA-8AB1-9126A3FCEB24}.Release|x64.ActiveCfg = Release|Any CPU
		{4C65BF1C-B1AD-4EFA-8AB1-9126A3FCEB24}.Release|x64.Build.0 = Release|Any CPU
		{4C65BF1C-B1AD-4EFA-8AB1-9126A3FCEB24}.Release|x86.ActiveCfg = Release|Any CPU
		{4C65BF1C-B1AD-4EFA-8AB1-9126A3FCEB24}.Release|x86.Build.0 = Release|Any CPU
		{02E8F40F-43F4-4F09-BEFF-A15D7262FF9B}.Debug|Any CPU.ActiveCfg = Debug|Any CPU
		{02E8F40F-43F4-4F09-BEFF-A15D7262FF9B}.Debug|Any CPU.Build.0 = Debug|Any CPU
		{02E8F40F-43F4-4F09-BEFF-A15D7262FF9B}.Debug|x64.ActiveCfg = Debug|Any CPU
		{02E8F40F-43F4-4F09-BEFF-A15D7262FF9B}.Debug|x64.Build.0 = Debug|Any CPU
		{02E8F40F-43F4-4F09-BEFF-A15D7262FF9B}.Debug|x86.ActiveCfg = Debug|Any CPU
		{02E8F40F-43F4-4F09-BEFF-A15D7262FF9B}.Debug|x86.Build.0 = Debug|Any CPU
		{02E8F40F-43F4-4F09-BEFF-A15D7262FF9B}.Release|Any CPU.ActiveCfg = Release|Any CPU
		{02E8F40F-43F4-4F09-BEFF-A15D7262FF9B}.Release|Any CPU.Build.0 = Release|Any CPU
		{02E8F40F-43F4-4F09-BEFF-A15D7262FF9B}.Release|x64.ActiveCfg = Release|Any CPU
		{02E8F40F-43F4-4F09-BEFF-A15D7262FF9B}.Release|x64.Build.0 = Release|Any CPU
		{02E8F40F-43F4-4F09-BEFF-A15D7262FF9B}.Release|x86.ActiveCfg = Release|Any CPU
		{02E8F40F-43F4-4F09-BEFF-A15D7262FF9B}.Release|x86.Build.0 = Release|Any CPU
	EndGlobalSection
	GlobalSection(NestedProjects) = preSolution
		{4C65BF1C-B1AD-4EFA-8AB1-9126A3FCEB24} = {F5D842AD-C522-4FB3-811B-C8466E571A64}
		{02E8F40F-43F4-4F09-BEFF-A15D7262FF9B} = {4B4E669F-9B38-415E-B012-0B057145E930}
	EndGlobalSection
EndGlobal
